
Microsoft Visual Studio Solution File, Format Version 12.00
# Visual Studio Version 17
VisualStudioVersion = 17.5.002.0
MinimumVisualStudioVersion = 10.0.40219.1
Project("{2150E333-8FDC-42A3-9474-1A3956D46DE8}") = "backend", "backend", "{43525180-2FD6-457D-BDAB-64C6FEA04F83}"
EndProject
Project("{9A19103F-16F7-4668-BE54-9A1E7A4F7556}") = "tag_system_backend", "backend\tag_system_backend\tag_system_backend.csproj", "{DF6531CA-B5B5-4082-94DC-81F4E01C71DB}"
EndProject
Global
	GlobalSection(SolutionConfigurationPlatforms) = preSolution
		Debug|Any CPU = Debug|Any CPU
		Release|Any CPU = Release|Any CPU
	EndGlobalSection
	GlobalSection(ProjectConfigurationPlatforms) = postSolution
		{DF6531CA-B5B5-4082-94DC-81F4E01C71DB}.Debug|Any CPU.ActiveCfg = Debug|Any CPU
		{DF6531CA-B5B5-4082-94DC-81F4E01C71DB}.Debug|Any CPU.Build.0 = Debug|Any CPU
		{DF6531CA-B5B5-4082-94DC-81F4E01C71DB}.Release|Any CPU.ActiveCfg = Release|Any CPU
		{DF6531CA-B5B5-4082-94DC-81F4E01C71DB}.Release|Any CPU.Build.0 = Release|Any CPU
	EndGlobalSection
	GlobalSection(SolutionProperties) = preSolution
		HideSolutionNode = FALSE
	EndGlobalSection
	GlobalSection(NestedProjects) = preSolution
		{DF6531CA-B5B5-4082-94DC-81F4E01C71DB} = {43525180-2FD6-457D-BDAB-64C6FEA04F83}
	EndGlobalSection
	GlobalSection(ExtensibilityGlobals) = postSolution
		SolutionGuid = {2FEA9504-5735-47E0-AD91-4DCB507B08C3}
	EndGlobalSection
EndGlobal
